
Microsoft Visual Studio Solution File, Format Version 12.00
# Visual Studio Version 17
VisualStudioVersion = 17.11.35312.102
MinimumVisualStudioVersion = 10.0.40219.1
Project("{2150E333-8FDC-42A3-9474-1A3956D46DE8}") = "API", "API", "{68BA83F3-ECC7-4A64-AABF-0E3B139CC5CB}"
EndProject
Project("{2150E333-8FDC-42A3-9474-1A3956D46DE8}") = "Application", "Application", "{5BC5F79F-36EC-4126-B936-1511AB4402F7}"
EndProject
Project("{2150E333-8FDC-42A3-9474-1A3956D46DE8}") = "Domain", "Domain", "{818BF3A9-0C5F-42F3-ACDB-39DDA0D9B864}"
EndProject
Project("{2150E333-8FDC-42A3-9474-1A3956D46DE8}") = "Infrastructure", "Infrastructure", "{89B6C448-15A3-42AA-9568-454EDEF6775E}"
EndProject
Project("{9A19103F-16F7-4668-BE54-9A1E7A4F7556}") = "API", "API\API.csproj", "{D86D772C-4B5A-45AE-BDBB-B9BF4A8784C5}"
EndProject
Project("{9A19103F-16F7-4668-BE54-9A1E7A4F7556}") = "Application", "Application\Application.csproj", "{2A914836-9E82-4DB0-9B25-0E6D1EF971A4}"
EndProject
Project("{9A19103F-16F7-4668-BE54-9A1E7A4F7556}") = "Domain", "Domain\Domain.csproj", "{8AF70B0A-34C8-400B-8C36-7539035CBFE2}"
EndProject
Project("{9A19103F-16F7-4668-BE54-9A1E7A4F7556}") = "Repository", "Repository\Repository.csproj", "{F0F5ED2B-50E0-4DAE-B393-E6DCB3500D11}"
EndProject
Project("{9A19103F-16F7-4668-BE54-9A1E7A4F7556}") = "Storage", "Storage\Storage.csproj", "{696CE995-5C96-433F-AA47-E2FDC784CAC8}"
EndProject
Project("{2150E333-8FDC-42A3-9474-1A3956D46DE8}") = "Test", "Test", "{15BA93E8-DBA3-4EC1-A50B-F276A2ECC194}"
EndProject
Project("{9A19103F-16F7-4668-BE54-9A1E7A4F7556}") = "Storage.Test", "Storage.Test\Storage.Test.csproj", "{405DB9B6-AF86-4FFE-A283-41B7BF2FD83B}"
EndProject
Project("{2150E333-8FDC-42A3-9474-1A3956D46DE8}") = "Shared", "Shared", "{F3275F0C-005C-4996-8C2F-D9161AFBAA65}"
EndProject
Project("{9A19103F-16F7-4668-BE54-9A1E7A4F7556}") = "Shared", "Shared\Shared.csproj", "{27F70045-C3D2-4017-94BD-42756D2AA43E}"
EndProject
Project("{FAE04EC0-301F-11D3-BF4B-00C04F79EFBC}") = "Repository.Test", "Repository.Test\Repository.Test.csproj", "{984234FB-1F5E-44FD-BAE5-8208407D5330}"
EndProject
Global
	GlobalSection(SolutionConfigurationPlatforms) = preSolution
		Debug|Any CPU = Debug|Any CPU
		Release|Any CPU = Release|Any CPU
	EndGlobalSection
	GlobalSection(ProjectConfigurationPlatforms) = postSolution
		{D86D772C-4B5A-45AE-BDBB-B9BF4A8784C5}.Debug|Any CPU.ActiveCfg = Debug|Any CPU
		{D86D772C-4B5A-45AE-BDBB-B9BF4A8784C5}.Debug|Any CPU.Build.0 = Debug|Any CPU
		{D86D772C-4B5A-45AE-BDBB-B9BF4A8784C5}.Release|Any CPU.ActiveCfg = Release|Any CPU
		{D86D772C-4B5A-45AE-BDBB-B9BF4A8784C5}.Release|Any CPU.Build.0 = Release|Any CPU
		{2A914836-9E82-4DB0-9B25-0E6D1EF971A4}.Debug|Any CPU.ActiveCfg = Debug|Any CPU
		{2A914836-9E82-4DB0-9B25-0E6D1EF971A4}.Debug|Any CPU.Build.0 = Debug|Any CPU
		{2A914836-9E82-4DB0-9B25-0E6D1EF971A4}.Release|Any CPU.ActiveCfg = Release|Any CPU
		{2A914836-9E82-4DB0-9B25-0E6D1EF971A4}.Release|Any CPU.Build.0 = Release|Any CPU
		{8AF70B0A-34C8-400B-8C36-7539035CBFE2}.Debug|Any CPU.ActiveCfg = Debug|Any CPU
		{8AF70B0A-34C8-400B-8C36-7539035CBFE2}.Debug|Any CPU.Build.0 = Debug|Any CPU
		{8AF70B0A-34C8-400B-8C36-7539035CBFE2}.Release|Any CPU.ActiveCfg = Release|Any CPU
		{8AF70B0A-34C8-400B-8C36-7539035CBFE2}.Release|Any CPU.Build.0 = Release|Any CPU
		{F0F5ED2B-50E0-4DAE-B393-E6DCB3500D11}.Debug|Any CPU.ActiveCfg = Debug|Any CPU
		{F0F5ED2B-50E0-4DAE-B393-E6DCB3500D11}.Debug|Any CPU.Build.0 = Debug|Any CPU
		{F0F5ED2B-50E0-4DAE-B393-E6DCB3500D11}.Release|Any CPU.ActiveCfg = Release|Any CPU
		{F0F5ED2B-50E0-4DAE-B393-E6DCB3500D11}.Release|Any CPU.Build.0 = Release|Any CPU
		{696CE995-5C96-433F-AA47-E2FDC784CAC8}.Debug|Any CPU.ActiveCfg = Debug|Any CPU
		{696CE995-5C96-433F-AA47-E2FDC784CAC8}.Debug|Any CPU.Build.0 = Debug|Any CPU
		{696CE995-5C96-433F-AA47-E2FDC784CAC8}.Release|Any CPU.ActiveCfg = Release|Any CPU
		{696CE995-5C96-433F-AA47-E2FDC784CAC8}.Release|Any CPU.Build.0 = Release|Any CPU
		{405DB9B6-AF86-4FFE-A283-41B7BF2FD83B}.Debug|Any CPU.ActiveCfg = Debug|Any CPU
		{405DB9B6-AF86-4FFE-A283-41B7BF2FD83B}.Debug|Any CPU.Build.0 = Debug|Any CPU
		{405DB9B6-AF86-4FFE-A283-41B7BF2FD83B}.Release|Any CPU.ActiveCfg = Release|Any CPU
		{405DB9B6-AF86-4FFE-A283-41B7BF2FD83B}.Release|Any CPU.Build.0 = Release|Any CPU
		{27F70045-C3D2-4017-94BD-42756D2AA43E}.Debug|Any CPU.ActiveCfg = Debug|Any CPU
		{27F70045-C3D2-4017-94BD-42756D2AA43E}.Debug|Any CPU.Build.0 = Debug|Any CPU
		{27F70045-C3D2-4017-94BD-42756D2AA43E}.Release|Any CPU.ActiveCfg = Release|Any CPU
		{27F70045-C3D2-4017-94BD-42756D2AA43E}.Release|Any CPU.Build.0 = Release|Any CPU
		{984234FB-1F5E-44FD-BAE5-8208407D5330}.Debug|Any CPU.ActiveCfg = Debug|Any CPU
		{984234FB-1F5E-44FD-BAE5-8208407D5330}.Debug|Any CPU.Build.0 = Debug|Any CPU
		{984234FB-1F5E-44FD-BAE5-8208407D5330}.Release|Any CPU.ActiveCfg = Release|Any CPU
		{984234FB-1F5E-44FD-BAE5-8208407D5330}.Release|Any CPU.Build.0 = Release|Any CPU
	EndGlobalSection
	GlobalSection(SolutionProperties) = preSolution
		HideSolutionNode = FALSE
	EndGlobalSection
	GlobalSection(NestedProjects) = preSolution
		{D86D772C-4B5A-45AE-BDBB-B9BF4A8784C5} = {68BA83F3-ECC7-4A64-AABF-0E3B139CC5CB}
		{2A914836-9E82-4DB0-9B25-0E6D1EF971A4} = {5BC5F79F-36EC-4126-B936-1511AB4402F7}
		{8AF70B0A-34C8-400B-8C36-7539035CBFE2} = {818BF3A9-0C5F-42F3-ACDB-39DDA0D9B864}
		{F0F5ED2B-50E0-4DAE-B393-E6DCB3500D11} = {89B6C448-15A3-42AA-9568-454EDEF6775E}
		{696CE995-5C96-433F-AA47-E2FDC784CAC8} = {89B6C448-15A3-42AA-9568-454EDEF6775E}
		{405DB9B6-AF86-4FFE-A283-41B7BF2FD83B} = {15BA93E8-DBA3-4EC1-A50B-F276A2ECC194}
		{27F70045-C3D2-4017-94BD-42756D2AA43E} = {F3275F0C-005C-4996-8C2F-D9161AFBAA65}
		{984234FB-1F5E-44FD-BAE5-8208407D5330} = {15BA93E8-DBA3-4EC1-A50B-F276A2ECC194}
	EndGlobalSection
	GlobalSection(ExtensibilityGlobals) = postSolution
		SolutionGuid = {443BAE33-6965-43EB-9444-0C5F45B8F13D}
	EndGlobalSection
EndGlobal
